<?xml version="1.0" encoding="utf-8"?>
<Project ToolsVersion="4.0" xmlns="http://schemas.microsoft.com/developer/msbuild/2003">
  <ItemGroup>
    <Filter Include="Source Files">
      <UniqueIdentifier>{4FC737F1-C7A5-4376-A066-2A32D752A2FF}</UniqueIdentifier>
      <Extensions>cpp;c;cc;cxx;def;odl;idl;hpj;bat;asm;asmx</Extensions>
    </Filter>
    <Filter Include="Header Files">
      <UniqueIdentifier>{93995380-89BD-4b04-88EB-625FBE52EBFB}</UniqueIdentifier>
      <Extensions>h;hh;hpp;hxx;hm;inl;inc;xsd</Extensions>
    </Filter>
    <Filter Include="Resource Files">
      <UniqueIdentifier>{67DA6AB6-F800-4c08-8B7A-83BB121AAD01}</UniqueIdentifier>
      <Extensions>rc;ico;cur;bmp;dlg;rc2;rct;bin;rgs;gif;jpg;jpeg;jpe;resx;tiff;tif;png;wav;mfcribbon-ms</Extensions>
    </Filter>
    <Filter Include="Source Files\Render">
      <UniqueIdentifier>{286f12d1-f6ba-43f4-b1de-04e7174ef16a}</UniqueIdentifier>
    </Filter>
    <Filter Include="Source Files\Textures">
      <UniqueIdentifier>{0c3a0b63-602d-4dc2-a759-d6b63578d672}</UniqueIdentifier>
    </Filter>
    <Filter Include="Source Files\Libs">
      <UniqueIdentifier>{3647f20a-69ac-4e97-aef9-1e3a64266f81}</UniqueIdentifier>
    </Filter>
    <Filter Include="Source Files\Libs\stb">
      <UniqueIdentifier>{e0505f18-e473-41b5-bd92-ecc0f20cc281}</UniqueIdentifier>
    </Filter>
    <Filter Include="Source Files\Input">
      <UniqueIdentifier>{ac7bcdb0-bf6b-4c33-8932-c8a1c60adc5a}</UniqueIdentifier>
    </Filter>
    <Filter Include="Source Files\Camera">
      <UniqueIdentifier>{b9bd7152-4624-4758-9bcf-49cb9b2cb7cf}</UniqueIdentifier>
    </Filter>
    <Filter Include="Source Files\Game">
      <UniqueIdentifier>{f188248a-21a0-4cf3-95e8-39b6681c811d}</UniqueIdentifier>
    </Filter>
  </ItemGroup>
  <ItemGroup>
    <ClCompile Include="Main.cpp">
      <Filter>Source Files</Filter>
    </ClCompile>
    <ClCompile Include="glad\src\glad.c">
      <Filter>Source Files</Filter>
    </ClCompile>
    <ClCompile Include="RenderData.cpp">
      <Filter>Source Files\Render</Filter>
    </ClCompile>
    <ClCompile Include="Texture.cpp">
      <Filter>Source Files\Textures</Filter>
    </ClCompile>
    <ClCompile Include="Keys.cpp">
      <Filter>Source Files\Input</Filter>
    </ClCompile>
    <ClCompile Include="Camera.cpp">
      <Filter>Source Files\Camera</Filter>
    </ClCompile>
    <ClCompile Include="Loop.cpp">
      <Filter>Source Files\Game</Filter>
    </ClCompile>
    <ClCompile Include="Perspective.cpp">
      <Filter>Source Files\Camera</Filter>
    </ClCompile>
    <ClCompile Include="CNS.cpp">
      <Filter>Source Files\Game</Filter>
    </ClCompile>
  </ItemGroup>
  <ItemGroup>
    <ClInclude Include="DTGlobal.h">
      <Filter>Source Files</Filter>
    </ClInclude>
    <ClInclude Include="RenderData.h">
      <Filter>Source Files\Render</Filter>
    </ClInclude>
    <ClInclude Include="stb\stb_image.h">
      <Filter>Source Files\Libs\stb</Filter>
    </ClInclude>
    <ClInclude Include="stb\stb_image_resize.h">
      <Filter>Source Files\Libs\stb</Filter>
    </ClInclude>
    <ClInclude Include="stb\stb_image_write.h">
      <Filter>Source Files\Libs\stb</Filter>
    </ClInclude>
    <ClInclude Include="Texture.h">
      <Filter>Source Files\Textures</Filter>
    </ClInclude>
    <ClInclude Include="Keys.h">
      <Filter>Source Files\Input</Filter>
    </ClInclude>
    <ClInclude Include="Camera.h">
      <Filter>Source Files\Camera</Filter>
    </ClInclude>
    <ClInclude Include="Loop.h">
      <Filter>Source Files\Game</Filter>
    </ClInclude>
    <ClInclude Include="Perspective.h">
      <Filter>Source Files\Camera</Filter>
    </ClInclude>
    <ClInclude Include="CNS.h">
      <Filter>Source Files\Game</Filter>
    </ClInclude>
    <ClInclude Include="resource.h">
      <Filter>Header Files</Filter>
    </ClInclude>
  </ItemGroup>
  <ItemGroup>
    <ResourceCompile Include="CarbonNanoSweeper.rc">
      <Filter>Resource Files</Filter>
    </ResourceCompile>
  </ItemGroup>
  <ItemGroup>
    <Image Include="icon1.ico">
      <Filter>Resource Files</Filter>
    </Image>
  </ItemGroup>
</Project>